
Microsoft Visual Studio Solution File, Format Version 12.00
# Visual Studio Version 17
VisualStudioVersion = 17.3.32901.215
MinimumVisualStudioVersion = 10.0.40219.1
Project("{9A19103F-16F7-4668-BE54-9A1E7A4F7556}") = "Ch02-04_FileSender", "Ch02-04_FileSender\Ch02-04_FileSender.csproj", "{3C2FCE9D-700E-486D-AD47-1F2E8519DE91}"
EndProject
Project("{FAE04EC0-301F-11D3-BF4B-00C04F79EFBC}") = "Ch02-05_DependancyInjection", "Ch02-05_DependancyInjection\Ch02-05_DependancyInjection.csproj", "{4F1A57E2-6D23-4DCF-ACBE-DD6624B4B8DB}"
EndProject
Global
	GlobalSection(SolutionConfigurationPlatforms) = preSolution
		Debug|Any CPU = Debug|Any CPU
		Release|Any CPU = Release|Any CPU
	EndGlobalSection
	GlobalSection(ProjectConfigurationPlatforms) = postSolution
		{3C2FCE9D-700E-486D-AD47-1F2E8519DE91}.Debug|Any CPU.ActiveCfg = Debug|Any CPU
		{3C2FCE9D-700E-486D-AD47-1F2E8519DE91}.Debug|Any CPU.Build.0 = Debug|Any CPU
		{3C2FCE9D-700E-486D-AD47-1F2E8519DE91}.Release|Any CPU.ActiveCfg = Release|Any CPU
		{3C2FCE9D-700E-486D-AD47-1F2E8519DE91}.Release|Any CPU.Build.0 = Release|Any CPU
		{4F1A57E2-6D23-4DCF-ACBE-DD6624B4B8DB}.Debug|Any CPU.ActiveCfg = Debug|Any CPU
		{4F1A57E2-6D23-4DCF-ACBE-DD6624B4B8DB}.Debug|Any CPU.Build.0 = Debug|Any CPU
		{4F1A57E2-6D23-4DCF-ACBE-DD6624B4B8DB}.Release|Any CPU.ActiveCfg = Release|Any CPU
		{4F1A57E2-6D23-4DCF-ACBE-DD6624B4B8DB}.Release|Any CPU.Build.0 = Release|Any CPU
	EndGlobalSection
	GlobalSection(SolutionProperties) = preSolution
		HideSolutionNode = FALSE
	EndGlobalSection
	GlobalSection(ExtensibilityGlobals) = postSolution
		SolutionGuid = {82A539CD-6459-498B-BBBB-830BC45288CC}
	EndGlobalSection
EndGlobal
